// !$*UTF8*$!
{
	archiveVersion = 1;
	classes = {
	};
	objectVersion = 46;
	objects = {

/* Begin PBXBuildFile section */
		C909D66419438C61002272AC /* main.m in Sources */ = {isa = PBXBuildFile; fileRef = C909D66319438C61002272AC /* main.m */; };
		C909D66719438C61002272AC /* AppDelegate.m in Sources */ = {isa = PBXBuildFile; fileRef = C909D66619438C61002272AC /* AppDelegate.m */; };
		C909D66D19438C61002272AC /* Main.storyboard in Resources */ = {isa = PBXBuildFile; fileRef = C909D66B19438C61002272AC /* Main.storyboard */; };
		C909D66F19438C61002272AC /* Images.xcassets in Resources */ = {isa = PBXBuildFile; fileRef = C909D66E19438C61002272AC /* Images.xcassets */; };
		C909D67B19438C61002272AC /* CrowdedTests.m in Sources */ = {isa = PBXBuildFile; fileRef = C909D67A19438C61002272AC /* CrowdedTests.m */; };
		C909D68619438D12002272AC /* CDVenueViewController.m in Sources */ = {isa = PBXBuildFile; fileRef = C909D68519438D12002272AC /* CDVenueViewController.m */; };
/* End PBXBuildFile section */

/* Begin PBXContainerItemProxy section */
		C909D67519438C61002272AC /* PBXContainerItemProxy */ = {
			isa = PBXContainerItemProxy;
			containerPortal = C909D65619438C61002272AC /* Project object */;
			proxyType = 1;
			remoteGlobalIDString = C909D65D19438C61002272AC;
			remoteInfo = Crowded;
		};
/* End PBXContainerItemProxy section */

/* Begin PBXFileReference section */
		C909D65E19438C61002272AC /* Crowded.app */ = {isa = PBXFileReference; explicitFileType = wrapper.application; includeInIndex = 0; path = Crowded.app; sourceTree = BUILT_PRODUCTS_DIR; };
		C909D66219438C61002272AC /* Info.plist */ = {isa = PBXFileReference; lastKnownFileType = text.plist.xml; path = Info.plist; sourceTree = "<group>"; };
		C909D66319438C61002272AC /* main.m */ = {isa = PBXFileReference; lastKnownFileType = sourcecode.c.objc; path = main.m; sourceTree = "<group>"; };
		C909D66519438C61002272AC /* AppDelegate.h */ = {isa = PBXFileReference; lastKnownFileType = sourcecode.c.h; path = AppDelegate.h; sourceTree = "<group>"; };
		C909D66619438C61002272AC /* AppDelegate.m */ = {isa = PBXFileReference; lastKnownFileType = sourcecode.c.objc; path = AppDelegate.m; sourceTree = "<group>"; };
		C909D66C19438C61002272AC /* Base */ = {isa = PBXFileReference; lastKnownFileType = file.storyboard; name = Base; path = Base.lproj/Main.storyboard; sourceTree = "<group>"; };
		C909D66E19438C61002272AC /* Images.xcassets */ = {isa = PBXFileReference; lastKnownFileType = folder.assetcatalog; path = Images.xcassets; sourceTree = "<group>"; };
		C909D67419438C61002272AC /* CrowdedTests.xctest */ = {isa = PBXFileReference; explicitFileType = wrapper.cfbundle; includeInIndex = 0; path = CrowdedTests.xctest; sourceTree = BUILT_PRODUCTS_DIR; };
		C909D67919438C61002272AC /* Info.plist */ = {isa = PBXFileReference; lastKnownFileType = text.plist.xml; path = Info.plist; sourceTree = "<group>"; };
		C909D67A19438C61002272AC /* CrowdedTests.m */ = {isa = PBXFileReference; lastKnownFileType = sourcecode.c.objc; path = CrowdedTests.m; sourceTree = "<group>"; };
		C909D68419438D12002272AC /* CDVenueViewController.h */ = {isa = PBXFileReference; fileEncoding = 4; lastKnownFileType = sourcecode.c.h; path = CDVenueViewController.h; sourceTree = "<group>"; };
		C909D68519438D12002272AC /* CDVenueViewController.m */ = {isa = PBXFileReference; fileEncoding = 4; lastKnownFileType = sourcecode.c.objc; path = CDVenueViewController.m; sourceTree = "<group>"; };
/* End PBXFileReference section */

/* Begin PBXFrameworksBuildPhase section */
		C909D65B19438C61002272AC /* Frameworks */ = {
			isa = PBXFrameworksBuildPhase;
			buildActionMask = 2147483647;
			files = (
			);
			runOnlyForDeploymentPostprocessing = 0;
		};
		C909D67119438C61002272AC /* Frameworks */ = {
			isa = PBXFrameworksBuildPhase;
			buildActionMask = 2147483647;
			files = (
			);
			runOnlyForDeploymentPostprocessing = 0;
		};
/* End PBXFrameworksBuildPhase section */

/* Begin PBXGroup section */
		C909D65519438C61002272AC = {
			isa = PBXGroup;
			children = (
				C909D66019438C61002272AC /* Crowded */,
				C909D67719438C61002272AC /* CrowdedTests */,
				C909D65F19438C61002272AC /* Products */,
			);
			sourceTree = "<group>";
		};
		C909D65F19438C61002272AC /* Products */ = {
			isa = PBXGroup;
			children = (
				C909D65E19438C61002272AC /* Crowded.app */,
				C909D67419438C61002272AC /* CrowdedTests.xctest */,
			);
			name = Products;
			sourceTree = "<group>";
		};
		C909D66019438C61002272AC /* Crowded */ = {
			isa = PBXGroup;
			children = (
				C909D68719438D83002272AC /* ViewControllers */,
				C909D66519438C61002272AC /* AppDelegate.h */,
				C909D66619438C61002272AC /* AppDelegate.m */,
				C909D66B19438C61002272AC /* Main.storyboard */,
				C909D66E19438C61002272AC /* Images.xcassets */,
				C909D66119438C61002272AC /* Supporting Files */,
			);
			path = Crowded;
			sourceTree = "<group>";
		};
		C909D66119438C61002272AC /* Supporting Files */ = {
			isa = PBXGroup;
			children = (
				C909D66219438C61002272AC /* Info.plist */,
				C909D66319438C61002272AC /* main.m */,
			);
			name = "Supporting Files";
			sourceTree = "<group>";
		};
		C909D67719438C61002272AC /* CrowdedTests */ = {
			isa = PBXGroup;
			children = (
				C909D67A19438C61002272AC /* CrowdedTests.m */,
				C909D67819438C61002272AC /* Supporting Files */,
			);
			path = CrowdedTests;
			sourceTree = "<group>";
		};
		C909D67819438C61002272AC /* Supporting Files */ = {
			isa = PBXGroup;
			children = (
				C909D67919438C61002272AC /* Info.plist */,
			);
			name = "Supporting Files";
			sourceTree = "<group>";
		};
		C909D68719438D83002272AC /* ViewControllers */ = {
			isa = PBXGroup;
			children = (
				C909D68419438D12002272AC /* CDVenueViewController.h */,
				C909D68519438D12002272AC /* CDVenueViewController.m */,
			);
			name = ViewControllers;
			sourceTree = "<group>";
		};
/* End PBXGroup section */

/* Begin PBXNativeTarget section */
		C909D65D19438C61002272AC /* Crowded */ = {
			isa = PBXNativeTarget;
			buildConfigurationList = C909D67E19438C61002272AC /* Build configuration list for PBXNativeTarget "Crowded" */;
			buildPhases = (
				C909D65A19438C61002272AC /* Sources */,
				C909D65B19438C61002272AC /* Frameworks */,
				C909D65C19438C61002272AC /* Resources */,
			);
			buildRules = (
			);
			dependencies = (
			);
			name = Crowded;
			productName = Crowded;
			productReference = C909D65E19438C61002272AC /* Crowded.app */;
			productType = "com.apple.product-type.application";
		};
		C909D67319438C61002272AC /* CrowdedTests */ = {
			isa = PBXNativeTarget;
			buildConfigurationList = C909D68119438C61002272AC /* Build configuration list for PBXNativeTarget "CrowdedTests" */;
			buildPhases = (
				C909D67019438C61002272AC /* Sources */,
				C909D67119438C61002272AC /* Frameworks */,
				C909D67219438C61002272AC /* Resources */,
			);
			buildRules = (
			);
			dependencies = (
				C909D67619438C61002272AC /* PBXTargetDependency */,
			);
			name = CrowdedTests;
			productName = CrowdedTests;
			productReference = C909D67419438C61002272AC /* CrowdedTests.xctest */;
			productType = "com.apple.product-type.bundle.unit-test";
		};
/* End PBXNativeTarget section */

/* Begin PBXProject section */
		C909D65619438C61002272AC /* Project object */ = {
			isa = PBXProject;
			attributes = {
				LastUpgradeCheck = 0600;
				ORGANIZATIONNAME = Intrepid;
				TargetAttributes = {
					C909D65D19438C61002272AC = {
						CreatedOnToolsVersion = 6.0;
					};
					C909D67319438C61002272AC = {
						CreatedOnToolsVersion = 6.0;
						TestTargetID = C909D65D19438C61002272AC;
					};
				};
			};
			buildConfigurationList = C909D65919438C61002272AC /* Build configuration list for PBXProject "Crowded" */;
			compatibilityVersion = "Xcode 3.2";
			developmentRegion = English;
			hasScannedForEncodings = 0;
			knownRegions = (
				en,
				Base,
			);
			mainGroup = C909D65519438C61002272AC;
			productRefGroup = C909D65F19438C61002272AC /* Products */;
			projectDirPath = "";
			projectRoot = "";
			targets = (
				C909D65D19438C61002272AC /* Crowded */,
				C909D67319438C61002272AC /* CrowdedTests */,
			);
		};
/* End PBXProject section */

/* Begin PBXResourcesBuildPhase section */
		C909D65C19438C61002272AC /* Resources */ = {
			isa = PBXResourcesBuildPhase;
			buildActionMask = 2147483647;
			files = (
				C909D66D19438C61002272AC /* Main.storyboard in Resources */,
				C909D66F19438C61002272AC /* Images.xcassets in Resources */,
			);
			runOnlyForDeploymentPostprocessing = 0;
		};
		C909D67219438C61002272AC /* Resources */ = {
			isa = PBXResourcesBuildPhase;
			buildActionMask = 2147483647;
			files = (
			);
			runOnlyForDeploymentPostprocessing = 0;
		};
/* End PBXResourcesBuildPhase section */

/* Begin PBXSourcesBuildPhase section */
		C909D65A19438C61002272AC /* Sources */ = {
			isa = PBXSourcesBuildPhase;
			buildActionMask = 2147483647;
			files = (
				C909D66719438C61002272AC /* AppDelegate.m in Sources */,
				C909D68619438D12002272AC /* CDVenueViewController.m in Sources */,
				C909D66419438C61002272AC /* main.m in Sources */,
			);
			runOnlyForDeploymentPostprocessing = 0;
		};
		C909D67019438C61002272AC /* Sources */ = {
			isa = PBXSourcesBuildPhase;
			buildActionMask = 2147483647;
			files = (
				C909D67B19438C61002272AC /* CrowdedTests.m in Sources */,
			);
			runOnlyForDeploymentPostprocessing = 0;
		};
/* End PBXSourcesBuildPhase section */

/* Begin PBXTargetDependency section */
		C909D67619438C61002272AC /* PBXTargetDependency */ = {
			isa = PBXTargetDependency;
			target = C909D65D19438C61002272AC /* Crowded */;
			targetProxy = C909D67519438C61002272AC /* PBXContainerItemProxy */;
		};
/* End PBXTargetDependency section */

/* Begin PBXVariantGroup section */
		C909D66B19438C61002272AC /* Main.storyboard */ = {
			isa = PBXVariantGroup;
			children = (
				C909D66C19438C61002272AC /* Base */,
			);
			name = Main.storyboard;
			sourceTree = "<group>";
		};
/* End PBXVariantGroup section */

/* Begin XCBuildConfiguration section */
		C909D67C19438C61002272AC /* Debug */ = {
			isa = XCBuildConfiguration;
			buildSettings = {
				ALWAYS_SEARCH_USER_PATHS = NO;
				CLANG_CXX_LANGUAGE_STANDARD = "gnu++0x";
				CLANG_CXX_LIBRARY = "libc++";
				CLANG_ENABLE_MODULES = YES;
				CLANG_ENABLE_OBJC_ARC = YES;
				CLANG_WARN_BOOL_CONVERSION = YES;
				CLANG_WARN_CONSTANT_CONVERSION = YES;
				CLANG_WARN_DIRECT_OBJC_ISA_USAGE = YES_ERROR;
				CLANG_WARN_EMPTY_BODY = YES;
				CLANG_WARN_ENUM_CONVERSION = YES;
				CLANG_WARN_INT_CONVERSION = YES;
				CLANG_WARN_OBJC_ROOT_CLASS = YES_ERROR;
				CLANG_WARN_UNREACHABLE_CODE = YES;
				CLANG_WARN__DUPLICATE_METHOD_MATCH = YES;
				"CODE_SIGN_IDENTITY[sdk=iphoneos*]" = "iPhone Developer";
				COPY_PHASE_STRIP = NO;
				ENABLE_STRICT_OBJC_MSGSEND = YES;
				GCC_C_LANGUAGE_STANDARD = gnu99;
				GCC_DYNAMIC_NO_PIC = NO;
				GCC_OPTIMIZATION_LEVEL = 0;
				GCC_PREPROCESSOR_DEFINITIONS = (
					"DEBUG=1",
					"$(inherited)",
				);
				GCC_SYMBOLS_PRIVATE_EXTERN = NO;
				GCC_WARN_64_TO_32_BIT_CONVERSION = YES;
				GCC_WARN_ABOUT_RETURN_TYPE = YES_ERROR;
				GCC_WARN_UNDECLARED_SELECTOR = YES;
				GCC_WARN_UNINITIALIZED_AUTOS = YES_AGGRESSIVE;
				GCC_WARN_UNUSED_FUNCTION = YES;
				GCC_WARN_UNUSED_VARIABLE = YES;
				IPHONEOS_DEPLOYMENT_TARGET = 8.0;
				METAL_ENABLE_DEBUG_INFO = YES;
				ONLY_ACTIVE_ARCH = YES;
				SDKROOT = iphoneos;
			};
			name = Debug;
		};
		C909D67D19438C61002272AC /* Release */ = {
			isa = XCBuildConfiguration;
			buildSettings = {
				ALWAYS_SEARCH_USER_PATHS = NO;
				CLANG_CXX_LANGUAGE_STANDARD = "gnu++0x";
				CLANG_CXX_LIBRARY = "libc++";
				CLANG_ENABLE_MODULES = YES;
				CLANG_ENABLE_OBJC_ARC = YES;
				CLANG_WARN_BOOL_CONVERSION = YES;
				CLANG_WARN_CONSTANT_CONVERSION = YES;
				CLANG_WARN_DIRECT_OBJC_ISA_USAGE = YES_ERROR;
				CLANG_WARN_EMPTY_BODY = YES;
				CLANG_WARN_ENUM_CONVERSION = YES;
				CLANG_WARN_INT_CONVERSION = YES;
				CLANG_WARN_OBJC_ROOT_CLASS = YES_ERROR;
				CLANG_WARN_UNREACHABLE_CODE = YES;
				CLANG_WARN__DUPLICATE_METHOD_MATCH = YES;
				"CODE_SIGN_IDENTITY[sdk=iphoneos*]" = "iPhone Developer";
				COPY_PHASE_STRIP = YES;
				ENABLE_NS_ASSERTIONS = NO;
				ENABLE_STRICT_OBJC_MSGSEND = YES;
				GCC_C_LANGUAGE_STANDARD = gnu99;
				GCC_WARN_64_TO_32_BIT_CONVERSION = YES;
				GCC_WARN_ABOUT_RETURN_TYPE = YES_ERROR;
				GCC_WARN_UNDECLARED_SELECTOR = YES;
				GCC_WARN_UNINITIALIZED_AUTOS = YES_AGGRESSIVE;
				GCC_WARN_UNUSED_FUNCTION = YES;
				GCC_WARN_UNUSED_VARIABLE = YES;
				IPHONEOS_DEPLOYMENT_TARGET = 8.0;
				METAL_ENABLE_DEBUG_INFO = NO;
				SDKROOT = iphoneos;
				VALIDATE_PRODUCT = YES;
			};
			name = Release;
		};
		C909D67F19438C61002272AC /* Debug */ = {
			isa = XCBuildConfiguration;
			buildSettings = {
				ASSETCATALOG_COMPILER_APPICON_NAME = AppIcon;
				ASSETCATALOG_COMPILER_LAUNCHIMAGE_NAME = LaunchImage;
				INFOPLIST_FILE = Crowded/Info.plist;
				LD_RUNPATH_SEARCH_PATHS = "$(inherited) @executable_path/Frameworks";
				PRODUCT_NAME = "$(TARGET_NAME)";
			};
			name = Debug;
		};
		C909D68019438C61002272AC /* Release */ = {
			isa = XCBuildConfiguration;
			buildSettings = {
				ASSETCATALOG_COMPILER_APPICON_NAME = AppIcon;
				ASSETCATALOG_COMPILER_LAUNCHIMAGE_NAME = LaunchImage;
				INFOPLIST_FILE = Crowded/Info.plist;
				LD_RUNPATH_SEARCH_PATHS = "$(inherited) @executable_path/Frameworks";
				PRODUCT_NAME = "$(TARGET_NAME)";
			};
			name = Release;
		};
		C909D68219438C61002272AC /* Debug */ = {
			isa = XCBuildConfiguration;
			buildSettings = {
				BUNDLE_LOADER = "$(BUILT_PRODUCTS_DIR)/Crowded.app/Crowded";
				FRAMEWORK_SEARCH_PATHS = (
					"$(SDKROOT)/Developer/Library/Frameworks",
					"$(inherited)",
				);
				GCC_PREPROCESSOR_DEFINITIONS = (
					"DEBUG=1",
					"$(inherited)",
				);
				INFOPLIST_FILE = CrowdedTests/Info.plist;
				LD_RUNPATH_SEARCH_PATHS = "$(inherited) @executable_path/Frameworks @loader_path/Frameworks";
				METAL_ENABLE_DEBUG_INFO = YES;
				PRODUCT_NAME = "$(TARGET_NAME)";
				TEST_HOST = "$(BUNDLE_LOADER)";
			};
			name = Debug;
		};
		C909D68319438C61002272AC /* Release */ = {
			isa = XCBuildConfiguration;
			buildSettings = {
				BUNDLE_LOADER = "$(BUILT_PRODUCTS_DIR)/Crowded.app/Crowded";
				FRAMEWORK_SEARCH_PATHS = (
					"$(SDKROOT)/Developer/Library/Frameworks",
					"$(inherited)",
				);
				INFOPLIST_FILE = CrowdedTests/Info.plist;
				LD_RUNPATH_SEARCH_PATHS = "$(inherited) @executable_path/Frameworks @loader_path/Frameworks";
				METAL_ENABLE_DEBUG_INFO = NO;
				PRODUCT_NAME = "$(TARGET_NAME)";
				TEST_HOST = "$(BUNDLE_LOADER)";
			};
			name = Release;
		};
/* End XCBuildConfiguration section */

/* Begin XCConfigurationList section */
		C909D65919438C61002272AC /* Build configuration list for PBXProject "Crowded" */ = {
			isa = XCConfigurationList;
			buildConfigurations = (
				C909D67C19438C61002272AC /* Debug */,
				C909D67D19438C61002272AC /* Release */,
			);
			defaultConfigurationIsVisible = 0;
			defaultConfigurationName = Release;
		};
		C909D67E19438C61002272AC /* Build configuration list for PBXNativeTarget "Crowded" */ = {
			isa = XCConfigurationList;
			buildConfigurations = (
				C909D67F19438C61002272AC /* Debug */,
				C909D68019438C61002272AC /* Release */,
			);
			defaultConfigurationIsVisible = 0;
			defaultConfigurationName = Release;
		};
		C909D68119438C61002272AC /* Build configuration list for PBXNativeTarget "CrowdedTests" */ = {
			isa = XCConfigurationList;
			buildConfigurations = (
				C909D68219438C61002272AC /* Debug */,
				C909D68319438C61002272AC /* Release */,
			);
			defaultConfigurationIsVisible = 0;
			defaultConfigurationName = Release;
		};
/* End XCConfigurationList section */
	};
	rootObject = C909D65619438C61002272AC /* Project object */;
}
